
Microsoft Visual Studio Solution File, Format Version 12.00
# Visual Studio 15
Project("{FAE04EC0-301F-11D3-BF4B-00C04F79EFBC}") = "SelectionSort", "SelectionSort\SelectionSort.csproj", "{99764A99-BC20-4051-A6CB-AE459E69B62A}"
EndProject
Global
	GlobalSection(SolutionConfigurationPlatforms) = preSolution
		Debug|anycpu = Debug|anycpu
		Release|anycpu = Release|anycpu
	EndGlobalSection
	GlobalSection(ProjectConfigurationPlatforms) = postSolution
		{99764A99-BC20-4051-A6CB-AE459E69B62A}.Debug|anycpu.ActiveCfg = Debug|anycpu
		{99764A99-BC20-4051-A6CB-AE459E69B62A}.Debug|anycpu.Build.0 = Debug|anycpu
		{99764A99-BC20-4051-A6CB-AE459E69B62A}.Release|anycpu.ActiveCfg = Release|anycpu
		{99764A99-BC20-4051-A6CB-AE459E69B62A}.Release|anycpu.Build.0 = Release|anycpu
	EndGlobalSection
EndGlobal
